// !$*UTF8*$!
{
	archiveVersion = 1;
	classes = {
	};
	objectVersion = 56;
	objects = {

/* Begin PBXBuildFile section */
		68CB7AA82AF8CDDA002E1CB3 /* AppDelegate.swift in Sources */ = {isa = PBXBuildFile; fileRef = 68CB7AA72AF8CDDA002E1CB3 /* AppDelegate.swift */; };
		68CB7AAA2AF8CDDA002E1CB3 /* SceneDelegate.swift in Sources */ = {isa = PBXBuildFile; fileRef = 68CB7AA92AF8CDDA002E1CB3 /* SceneDelegate.swift */; };
		68CB7AAC2AF8CDDA002E1CB3 /* ViewController.swift in Sources */ = {isa = PBXBuildFile; fileRef = 68CB7AAB2AF8CDDA002E1CB3 /* ViewController.swift */; };
		68CB7AAF2AF8CDDA002E1CB3 /* Main.storyboard in Resources */ = {isa = PBXBuildFile; fileRef = 68CB7AAD2AF8CDDA002E1CB3 /* Main.storyboard */; };
		68CB7AB12AF8CDDB002E1CB3 /* Assets.xcassets in Resources */ = {isa = PBXBuildFile; fileRef = 68CB7AB02AF8CDDB002E1CB3 /* Assets.xcassets */; };
		68CB7AB42AF8CDDB002E1CB3 /* LaunchScreen.storyboard in Resources */ = {isa = PBXBuildFile; fileRef = 68CB7AB22AF8CDDB002E1CB3 /* LaunchScreen.storyboard */; };
/* End PBXBuildFile section */

/* Begin PBXFileReference section */
		68CB7AA42AF8CDDA002E1CB3 /* 09_10_2023_FirstTestAppDemo.app */ = {isa = PBXFileReference; explicitFileType = wrapper.application; includeInIndex = 0; path = 09_10_2023_FirstTestAppDemo.app; sourceTree = BUILT_PRODUCTS_DIR; };
		68CB7AA72AF8CDDA002E1CB3 /* AppDelegate.swift */ = {isa = PBXFileReference; lastKnownFileType = sourcecode.swift; path = AppDelegate.swift; sourceTree = "<group>"; };
		68CB7AA92AF8CDDA002E1CB3 /* SceneDelegate.swift */ = {isa = PBXFileReference; lastKnownFileType = sourcecode.swift; path = SceneDelegate.swift; sourceTree = "<group>"; };
		68CB7AAB2AF8CDDA002E1CB3 /* ViewController.swift */ = {isa = PBXFileReference; lastKnownFileType = sourcecode.swift; path = ViewController.swift; sourceTree = "<group>"; };
		68CB7AAE2AF8CDDA002E1CB3 /* Base */ = {isa = PBXFileReference; lastKnownFileType = file.storyboard; name = Base; path = Base.lproj/Main.storyboard; sourceTree = "<group>"; };
		68CB7AB02AF8CDDB002E1CB3 /* Assets.xcassets */ = {isa = PBXFileReference; lastKnownFileType = folder.assetcatalog; path = Assets.xcassets; sourceTree = "<group>"; };
		68CB7AB32AF8CDDB002E1CB3 /* Base */ = {isa = PBXFileReference; lastKnownFileType = file.storyboard; name = Base; path = Base.lproj/LaunchScreen.storyboard; sourceTree = "<group>"; };
		68CB7AB52AF8CDDB002E1CB3 /* Info.plist */ = {isa = PBXFileReference; lastKnownFileType = text.plist.xml; path = Info.plist; sourceTree = "<group>"; };
/* End PBXFileReference section */

/* Begin PBXFrameworksBuildPhase section */
		68CB7AA12AF8CDDA002E1CB3 /* Frameworks */ = {
			isa = PBXFrameworksBuildPhase;
			buildActionMask = 2147483647;
			files = (
			);
			runOnlyForDeploymentPostprocessing = 0;
		};
/* End PBXFrameworksBuildPhase section */

/* Begin PBXGroup section */
		68CB7A9B2AF8CDDA002E1CB3 = {
			isa = PBXGroup;
			children = (
				68CB7AA62AF8CDDA002E1CB3 /* 09_10_2023_FirstTestAppDemo */,
				68CB7AA52AF8CDDA002E1CB3 /* Products */,
			);
			sourceTree = "<group>";
		};
		68CB7AA52AF8CDDA002E1CB3 /* Products */ = {
			isa = PBXGroup;
			children = (
				68CB7AA42AF8CDDA002E1CB3 /* 09_10_2023_FirstTestAppDemo.app */,
			);
			name = Products;
			sourceTree = "<group>";
		};
		68CB7AA62AF8CDDA002E1CB3 /* 09_10_2023_FirstTestAppDemo */ = {
			isa = PBXGroup;
			children = (
				68CB7AA72AF8CDDA002E1CB3 /* AppDelegate.swift */,
				68CB7AA92AF8CDDA002E1CB3 /* SceneDelegate.swift */,
				68CB7AAB2AF8CDDA002E1CB3 /* ViewController.swift */,
				68CB7AAD2AF8CDDA002E1CB3 /* Main.storyboard */,
				68CB7AB02AF8CDDB002E1CB3 /* Assets.xcassets */,
				68CB7AB22AF8CDDB002E1CB3 /* LaunchScreen.storyboard */,
				68CB7AB52AF8CDDB002E1CB3 /* Info.plist */,
			);
			path = 09_10_2023_FirstTestAppDemo;
			sourceTree = "<group>";
		};
/* End PBXGroup section */

/* Begin PBXNativeTarget section */
		68CB7AA32AF8CDDA002E1CB3 /* 09_10_2023_FirstTestAppDemo */ = {
			isa = PBXNativeTarget;
			buildConfigurationList = 68CB7AB82AF8CDDB002E1CB3 /* Build configuration list for PBXNativeTarget "09_10_2023_FirstTestAppDemo" */;
			buildPhases = (
				68CB7AA02AF8CDDA002E1CB3 /* Sources */,
				68CB7AA12AF8CDDA002E1CB3 /* Frameworks */,
				68CB7AA22AF8CDDA002E1CB3 /* Resources */,
			);
			buildRules = (
			);
			dependencies = (
			);
			name = 09_10_2023_FirstTestAppDemo;
			productName = 09_10_2023_FirstTestAppDemo;
			productReference = 68CB7AA42AF8CDDA002E1CB3 /* 09_10_2023_FirstTestAppDemo.app */;
			productType = "com.apple.product-type.application";
		};
/* End PBXNativeTarget section */

/* Begin PBXProject section */
		68CB7A9C2AF8CDDA002E1CB3 /* Project object */ = {
			isa = PBXProject;
			attributes = {
				BuildIndependentTargetsInParallel = 1;
				LastSwiftUpdateCheck = 1400;
				LastUpgradeCheck = 1400;
				TargetAttributes = {
					68CB7AA32AF8CDDA002E1CB3 = {
						CreatedOnToolsVersion = 14.0;
					};
				};
			};
			buildConfigurationList = 68CB7A9F2AF8CDDA002E1CB3 /* Build configuration list for PBXProject "09_10_2023_FirstTestAppDemo" */;
			compatibilityVersion = "Xcode 14.0";
			developmentRegion = en;
			hasScannedForEncodings = 0;
			knownRegions = (
				en,
				Base,
			);
			mainGroup = 68CB7A9B2AF8CDDA002E1CB3;
			productRefGroup = 68CB7AA52AF8CDDA002E1CB3 /* Products */;
			projectDirPath = "";
			projectRoot = "";
			targets = (
				68CB7AA32AF8CDDA002E1CB3 /* 09_10_2023_FirstTestAppDemo */,
			);
		};
/* End PBXProject section */

/* Begin PBXResourcesBuildPhase section */
		68CB7AA22AF8CDDA002E1CB3 /* Resources */ = {
			isa = PBXResourcesBuildPhase;
			buildActionMask = 2147483647;
			files = (
				68CB7AB42AF8CDDB002E1CB3 /* LaunchScreen.storyboard in Resources */,
				68CB7AB12AF8CDDB002E1CB3 /* Assets.xcassets in Resources */,
				68CB7AAF2AF8CDDA002E1CB3 /* Main.storyboard in Resources */,
			);
			runOnlyForDeploymentPostprocessing = 0;
		};
/* End PBXResourcesBuildPhase section */

/* Begin PBXSourcesBuildPhase section */
		68CB7AA02AF8CDDA002E1CB3 /* Sources */ = {
			isa = PBXSourcesBuildPhase;
			buildActionMask = 2147483647;
			files = (
				68CB7AAC2AF8CDDA002E1CB3 /* ViewController.swift in Sources */,
				68CB7AA82AF8CDDA002E1CB3 /* AppDelegate.swift in Sources */,
				68CB7AAA2AF8CDDA002E1CB3 /* SceneDelegate.swift in Sources */,
			);
			runOnlyForDeploymentPostprocessing = 0;
		};
/* End PBXSourcesBuildPhase section */

/* Begin PBXVariantGroup section */
		68CB7AAD2AF8CDDA002E1CB3 /* Main.storyboard */ = {
			isa = PBXVariantGroup;
			children = (
				68CB7AAE2AF8CDDA002E1CB3 /* Base */,
			);
			name = Main.storyboard;
			sourceTree = "<group>";
		};
		68CB7AB22AF8CDDB002E1CB3 /* LaunchScreen.storyboard */ = {
			isa = PBXVariantGroup;
			children = (
				68CB7AB32AF8CDDB002E1CB3 /* Base */,
			);
			name = LaunchScreen.storyboard;
			sourceTree = "<group>";
		};
/* End PBXVariantGroup section */

/* Begin XCBuildConfiguration section */
		68CB7AB62AF8CDDB002E1CB3 /* Debug */ = {
			isa = XCBuildConfiguration;
			buildSettings = {
				ALWAYS_SEARCH_USER_PATHS = NO;
				CLANG_ANALYZER_NONNULL = YES;
				CLANG_ANALYZER_NUMBER_OBJECT_CONVERSION = YES_AGGRESSIVE;
				CLANG_CXX_LANGUAGE_STANDARD = "gnu++20";
				CLANG_ENABLE_MODULES = YES;
				CLANG_ENABLE_OBJC_ARC = YES;
				CLANG_ENABLE_OBJC_WEAK = YES;
				CLANG_WARN_BLOCK_CAPTURE_AUTORELEASING = YES;
				CLANG_WARN_BOOL_CONVERSION = YES;
				CLANG_WARN_COMMA = YES;
				CLANG_WARN_CONSTANT_CONVERSION = YES;
				CLANG_WARN_DEPRECATED_OBJC_IMPLEMENTATIONS = YES;
				CLANG_WARN_DIRECT_OBJC_ISA_USAGE = YES_ERROR;
				CLANG_WARN_DOCUMENTATION_COMMENTS = YES;
				CLANG_WARN_EMPTY_BODY = YES;
				CLANG_WARN_ENUM_CONVERSION = YES;
				CLANG_WARN_INFINITE_RECURSION = YES;
				CLANG_WARN_INT_CONVERSION = YES;
				CLANG_WARN_NON_LITERAL_NULL_CONVERSION = YES;
				CLANG_WARN_OBJC_IMPLICIT_RETAIN_SELF = YES;
				CLANG_WARN_OBJC_LITERAL_CONVERSION = YES;
				CLANG_WARN_OBJC_ROOT_CLASS = YES_ERROR;
				CLANG_WARN_QUOTED_INCLUDE_IN_FRAMEWORK_HEADER = YES;
				CLANG_WARN_RANGE_LOOP_ANALYSIS = YES;
				CLANG_WARN_STRICT_PROTOTYPES = YES;
				CLANG_WARN_SUSPICIOUS_MOVE = YES;
				CLANG_WARN_UNGUARDED_AVAILABILITY = YES_AGGRESSIVE;
				CLANG_WARN_UNREACHABLE_CODE = YES;
				CLANG_WARN__DUPLICATE_METHOD_MATCH = YES;
				COPY_PHASE_STRIP = NO;
				DEBUG_INFORMATION_FORMAT = dwarf;
				ENABLE_STRICT_OBJC_MSGSEND = YES;
				ENABLE_TESTABILITY = YES;
				GCC_C_LANGUAGE_STANDARD = gnu11;
				GCC_DYNAMIC_NO_PIC = NO;
				GCC_NO_COMMON_BLOCKS = YES;
				GCC_OPTIMIZATION_LEVEL = 0;
				GCC_PREPROCESSOR_DEFINITIONS = (
					"DEBUG=1",
					"$(inherited)",
				);
				GCC_WARN_64_TO_32_BIT_CONVERSION = YES;
				GCC_WARN_ABOUT_RETURN_TYPE = YES_ERROR;
				GCC_WARN_UNDECLARED_SELECTOR = YES;
				GCC_WARN_UNINITIALIZED_AUTOS = YES_AGGRESSIVE;
				GCC_WARN_UNUSED_FUNCTION = YES;
				GCC_WARN_UNUSED_VARIABLE = YES;
				IPHONEOS_DEPLOYMENT_TARGET = 16.0;
				MTL_ENABLE_DEBUG_INFO = INCLUDE_SOURCE;
				MTL_FAST_MATH = YES;
				ONLY_ACTIVE_ARCH = YES;
				SDKROOT = iphoneos;
				SWIFT_ACTIVE_COMPILATION_CONDITIONS = DEBUG;
				SWIFT_OPTIMIZATION_LEVEL = "-Onone";
			};
			name = Debug;
		};
		68CB7AB72AF8CDDB002E1CB3 /* Release */ = {
			isa = XCBuildConfiguration;
			buildSettings = {
				ALWAYS_SEARCH_USER_PATHS = NO;
				CLANG_ANALYZER_NONNULL = YES;
				CLANG_ANALYZER_NUMBER_OBJECT_CONVERSION = YES_AGGRESSIVE;
				CLANG_CXX_LANGUAGE_STANDARD = "gnu++20";
				CLANG_ENABLE_MODULES = YES;
				CLANG_ENABLE_OBJC_ARC = YES;
				CLANG_ENABLE_OBJC_WEAK = YES;
				CLANG_WARN_BLOCK_CAPTURE_AUTORELEASING = YES;
				CLANG_WARN_BOOL_CONVERSION = YES;
				CLANG_WARN_COMMA = YES;
				CLANG_WARN_CONSTANT_CONVERSION = YES;
				CLANG_WARN_DEPRECATED_OBJC_IMPLEMENTATIONS = YES;
				CLANG_WARN_DIRECT_OBJC_ISA_USAGE = YES_ERROR;
				CLANG_WARN_DOCUMENTATION_COMMENTS = YES;
				CLANG_WARN_EMPTY_BODY = YES;
				CLANG_WARN_ENUM_CONVERSION = YES;
				CLANG_WARN_INFINITE_RECURSION = YES;
				CLANG_WARN_INT_CONVERSION = YES;
				CLANG_WARN_NON_LITERAL_NULL_CONVERSION = YES;
				CLANG_WARN_OBJC_IMPLICIT_RETAIN_SELF = YES;
				CLANG_WARN_OBJC_LITERAL_CONVERSION = YES;
				CLANG_WARN_OBJC_ROOT_CLASS = YES_ERROR;
				CLANG_WARN_QUOTED_INCLUDE_IN_FRAMEWORK_HEADER = YES;
				CLANG_WARN_RANGE_LOOP_ANALYSIS = YES;
				CLANG_WARN_STRICT_PROTOTYPES = YES;
				CLANG_WARN_SUSPICIOUS_MOVE = YES;
				CLANG_WARN_UNGUARDED_AVAILABILITY = YES_AGGRESSIVE;
				CLANG_WARN_UNREACHABLE_CODE = YES;
				CLANG_WARN__DUPLICATE_METHOD_MATCH = YES;
				COPY_PHASE_STRIP = NO;
				DEBUG_INFORMATION_FORMAT = "dwarf-with-dsym";
				ENABLE_NS_ASSERTIONS = NO;
				ENABLE_STRICT_OBJC_MSGSEND = YES;
				GCC_C_LANGUAGE_STANDARD = gnu11;
				GCC_NO_COMMON_BLOCKS = YES;
				GCC_WARN_64_TO_32_BIT_CONVERSION = YES;
				GCC_WARN_ABOUT_RETURN_TYPE = YES_ERROR;
				GCC_WARN_UNDECLARED_SELECTOR = YES;
				GCC_WARN_UNINITIALIZED_AUTOS = YES_AGGRESSIVE;
				GCC_WARN_UNUSED_FUNCTION = YES;
				GCC_WARN_UNUSED_VARIABLE = YES;
				IPHONEOS_DEPLOYMENT_TARGET = 16.0;
				MTL_ENABLE_DEBUG_INFO = NO;
				MTL_FAST_MATH = YES;
				SDKROOT = iphoneos;
				SWIFT_COMPILATION_MODE = wholemodule;
				SWIFT_OPTIMIZATION_LEVEL = "-O";
				VALIDATE_PRODUCT = YES;
			};
			name = Release;
		};
		68CB7AB92AF8CDDB002E1CB3 /* Debug */ = {
			isa = XCBuildConfiguration;
			buildSettings = {
				ASSETCATALOG_COMPILER_APPICON_NAME = AppIcon;
				ASSETCATALOG_COMPILER_GLOBAL_ACCENT_COLOR_NAME = AccentColor;
				CODE_SIGN_STYLE = Automatic;
				CURRENT_PROJECT_VERSION = 1;
				DEVELOPMENT_TEAM = W669X37752;
				GENERATE_INFOPLIST_FILE = YES;
				INFOPLIST_FILE = 09_10_2023_FirstTestAppDemo/Info.plist;
				INFOPLIST_KEY_UIApplicationSupportsIndirectInputEvents = YES;
				INFOPLIST_KEY_UILaunchStoryboardName = LaunchScreen;
				INFOPLIST_KEY_UIMainStoryboardFile = Main;
				INFOPLIST_KEY_UISupportedInterfaceOrientations_iPad = "UIInterfaceOrientationPortrait UIInterfaceOrientationPortraitUpsideDown UIInterfaceOrientationLandscapeLeft UIInterfaceOrientationLandscapeRight";
				INFOPLIST_KEY_UISupportedInterfaceOrientations_iPhone = "UIInterfaceOrientationPortrait UIInterfaceOrientationLandscapeLeft UIInterfaceOrientationLandscapeRight";
				LD_RUNPATH_SEARCH_PATHS = (
					"$(inherited)",
					"@executable_path/Frameworks",
				);
				MARKETING_VERSION = 1.0;
				PRODUCT_BUNDLE_IDENTIFIER = "in.bitcode.-9-10-2023-FirstTestAppDemo";
				PRODUCT_NAME = "$(TARGET_NAME)";
				SWIFT_EMIT_LOC_STRINGS = YES;
				SWIFT_VERSION = 5.0;
				TARGETED_DEVICE_FAMILY = "1,2";
			};
			name = Debug;
		};
		68CB7ABA2AF8CDDB002E1CB3 /* Release */ = {
			isa = XCBuildConfiguration;
			buildSettings = {
				ASSETCATALOG_COMPILER_APPICON_NAME = AppIcon;
				ASSETCATALOG_COMPILER_GLOBAL_ACCENT_COLOR_NAME = AccentColor;
				CODE_SIGN_STYLE = Automatic;
				CURRENT_PROJECT_VERSION = 1;
				DEVELOPMENT_TEAM = W669X37752;
				GENERATE_INFOPLIST_FILE = YES;
				INFOPLIST_FILE = 09_10_2023_FirstTestAppDemo/Info.plist;
				INFOPLIST_KEY_UIApplicationSupportsIndirectInputEvents = YES;
				INFOPLIST_KEY_UILaunchStoryboardName = LaunchScreen;
				INFOPLIST_KEY_UIMainStoryboardFile = Main;
				INFOPLIST_KEY_UISupportedInterfaceOrientations_iPad = "UIInterfaceOrientationPortrait UIInterfaceOrientationPortraitUpsideDown UIInterfaceOrientationLandscapeLeft UIInterfaceOrientationLandscapeRight";
				INFOPLIST_KEY_UISupportedInterfaceOrientations_iPhone = "UIInterfaceOrientationPortrait UIInterfaceOrientationLandscapeLeft UIInterfaceOrientationLandscapeRight";
				LD_RUNPATH_SEARCH_PATHS = (
					"$(inherited)",
					"@executable_path/Frameworks",
				);
				MARKETING_VERSION = 1.0;
				PRODUCT_BUNDLE_IDENTIFIER = "in.bitcode.-9-10-2023-FirstTestAppDemo";
				PRODUCT_NAME = "$(TARGET_NAME)";
				SWIFT_EMIT_LOC_STRINGS = YES;
				SWIFT_VERSION = 5.0;
				TARGETED_DEVICE_FAMILY = "1,2";
			};
			name = Release;
		};
/* End XCBuildConfiguration section */

/* Begin XCConfigurationList section */
		68CB7A9F2AF8CDDA002E1CB3 /* Build configuration list for PBXProject "09_10_2023_FirstTestAppDemo" */ = {
			isa = XCConfigurationList;
			buildConfigurations = (
				68CB7AB62AF8CDDB002E1CB3 /* Debug */,
				68CB7AB72AF8CDDB002E1CB3 /* Release */,
			);
			defaultConfigurationIsVisible = 0;
			defaultConfigurationName = Release;
		};
		68CB7AB82AF8CDDB002E1CB3 /* Build configuration list for PBXNativeTarget "09_10_2023_FirstTestAppDemo" */ = {
			isa = XCConfigurationList;
			buildConfigurations = (
				68CB7AB92AF8CDDB002E1CB3 /* Debug */,
				68CB7ABA2AF8CDDB002E1CB3 /* Release */,
			);
			defaultConfigurationIsVisible = 0;
			defaultConfigurationName = Release;
		};
/* End XCConfigurationList section */
	};
	rootObject = 68CB7A9C2AF8CDDA002E1CB3 /* Project object */;
}
